
Microsoft Visual Studio Solution File, Format Version 12.00
# Visual Studio Version 17
VisualStudioVersion = 17.11.35312.102
MinimumVisualStudioVersion = 10.0.40219.1
Project("{8BC9CEB8-8B4A-11D0-8D11-00A0C91BC942}") = "hw4.12", "hw4.12\hw4.12.vcxproj", "{AFBC4990-69EB-4ECF-8648-75BEC5AFE50E}"
EndProject
Global
	GlobalSection(SolutionConfigurationPlatforms) = preSolution
		Debug|x64 = Debug|x64
		Debug|x86 = Debug|x86
		Release|x64 = Release|x64
		Release|x86 = Release|x86
	EndGlobalSection
	GlobalSection(ProjectConfigurationPlatforms) = postSolution
		{AFBC4990-69EB-4ECF-8648-75BEC5AFE50E}.Debug|x64.ActiveCfg = Debug|x64
		{AFBC4990-69EB-4ECF-8648-75BEC5AFE50E}.Debug|x64.Build.0 = Debug|x64
		{AFBC4990-69EB-4ECF-8648-75BEC5AFE50E}.Debug|x86.ActiveCfg = Debug|Win32
		{AFBC4990-69EB-4ECF-8648-75BEC5AFE50E}.Debug|x86.Build.0 = Debug|Win32
		{AFBC4990-69EB-4ECF-8648-75BEC5AFE50E}.Release|x64.ActiveCfg = Release|x64
		{AFBC4990-69EB-4ECF-8648-75BEC5AFE50E}.Release|x64.Build.0 = Release|x64
		{AFBC4990-69EB-4ECF-8648-75BEC5AFE50E}.Release|x86.ActiveCfg = Release|Win32
		{AFBC4990-69EB-4ECF-8648-75BEC5AFE50E}.Release|x86.Build.0 = Release|Win32
	EndGlobalSection
	GlobalSection(SolutionProperties) = preSolution
		HideSolutionNode = FALSE
	EndGlobalSection
	GlobalSection(ExtensibilityGlobals) = postSolution
		SolutionGuid = {AE87DE91-BD1B-4AD9-B88E-91AB30D17870}
	EndGlobalSection
EndGlobal
